<?xml version="1.0" encoding="utf-8"?>
<Project ToolsVersion="4.0" xmlns="http://schemas.microsoft.com/developer/msbuild/2003">
  <ItemGroup>
    <Filter Include="Source Files">
      <UniqueIdentifier>{4FC737F1-C7A5-4376-A066-2A32D752A2FF}</UniqueIdentifier>
      <Extensions>cpp;c;cc;cxx;def;odl;idl;hpj;bat;asm;asmx</Extensions>
    </Filter>
    <Filter Include="Fibonacci">
      <UniqueIdentifier>{2d4728e8-1783-4c54-ab9a-71d6baf7c9ba}</UniqueIdentifier>
    </Filter>
    <Filter Include="Factorial">
      <UniqueIdentifier>{c67f72f2-094f-4a78-95be-02cec596de37}</UniqueIdentifier>
    </Filter>
  </ItemGroup>
  <ItemGroup>
    <None Include="..\benchmarks\BenchMarks.vcxproj.user" />
  </ItemGroup>
  <ItemGroup>
    <ClCompile Include="..\src\Fibonacci.cpp">
      <Filter>Fibonacci</Filter>
    </ClCompile>
    <ClCompile Include="..\benchmarks\FibonacciBenchmark.cpp">
      <Filter>Fibonacci</Filter>
    </ClCompile>
    <ClCompile Include="..\src\Factorial.cpp">
      <Filter>Factorial</Filter>
    </ClCompile>
    <ClCompile Include="..\benchmarks\FactorialBenchMark.cpp">
      <Filter>Factorial</Filter>
    </ClCompile>
    <ClCompile Include="..\benchmarks\BenchmarksMain.cpp" />
    <ClCompile Include="..\benchmarks\CustomConsoleReporter.cpp" />
  </ItemGroup>
  <ItemGroup>
    <ClInclude Include="..\benchmarks\FibonacciBenchmark.h">
      <Filter>Fibonacci</Filter>
    </ClInclude>
    <ClInclude Include="..\src\Fibonacci.h">
      <Filter>Fibonacci</Filter>
    </ClInclude>
    <ClInclude Include="..\src\Factorial.h">
      <Filter>Factorial</Filter>
    </ClInclude>
    <ClInclude Include="..\benchmarks\CustomConsoleReporter.h" />
    <ClInclude Include="..\benchmarks\FactorialBenchMark.h">
      <Filter>Factorial</Filter>
    </ClInclude>
  </ItemGroup>
</Project>