<?xml version="1.0" encoding="utf-8"?>
<Project ToolsVersion="4.0" xmlns="http://schemas.microsoft.com/developer/msbuild/2003">
  <ItemGroup>
    <Filter Include="Fibonacci">
      <UniqueIdentifier>{2d4728e8-1783-4c54-ab9a-71d6baf7c9ba}</UniqueIdentifier>
    </Filter>
    <Filter Include="Factorial">
      <UniqueIdentifier>{c67f72f2-094f-4a78-95be-02cec596de37}</UniqueIdentifier>
    </Filter>
    <Filter Include="LCS">
      <UniqueIdentifier>{0eb469d7-0717-462b-bc29-fabb29ba3298}</UniqueIdentifier>
    </Filter>
    <Filter Include="Common">
      <UniqueIdentifier>{181a61b7-edbc-4182-a40f-ec81aec8f48c}</UniqueIdentifier>
    </Filter>
    <Filter Include="Edit Distance">
      <UniqueIdentifier>{23c5985b-b677-46a7-988a-7518eb35277b}</UniqueIdentifier>
    </Filter>
  </ItemGroup>
  <ItemGroup>
    <ClCompile Include="..\src\Fibonacci.cpp">
      <Filter>Fibonacci</Filter>
    </ClCompile>
    <ClCompile Include="..\benchmarks\FibonacciBenchmark.cpp">
      <Filter>Fibonacci</Filter>
    </ClCompile>
    <ClCompile Include="..\src\Factorial.cpp">
      <Filter>Factorial</Filter>
    </ClCompile>
    <ClCompile Include="..\benchmarks\FactorialBenchMark.cpp">
      <Filter>Factorial</Filter>
    </ClCompile>
    <ClCompile Include="..\benchmarks\BenchmarksMain.cpp" />
    <ClCompile Include="..\benchmarks\CustomConsoleReporter.cpp" />
    <ClCompile Include="..\src\LCS.cpp">
      <Filter>LCS</Filter>
    </ClCompile>
    <ClCompile Include="..\benchmarks\LCSBenchmark.cpp">
      <Filter>LCS</Filter>
    </ClCompile>
    <ClCompile Include="..\src\Custom2DArray.cpp">
      <Filter>Common</Filter>
    </ClCompile>
    <ClCompile Include="..\src\EditDistance.cpp">
      <Filter>Edit Distance</Filter>
    </ClCompile>
    <ClCompile Include="..\benchmarks\EditDistanceBenchmark.cpp">
      <Filter>Edit Distance</Filter>
    </ClCompile>
  </ItemGroup>
  <ItemGroup>
    <ClInclude Include="..\src\Fibonacci.h">
      <Filter>Fibonacci</Filter>
    </ClInclude>
    <ClInclude Include="..\src\Factorial.h">
      <Filter>Factorial</Filter>
    </ClInclude>
    <ClInclude Include="..\benchmarks\CustomConsoleReporter.h" />
    <ClInclude Include="..\src\LCS.h">
      <Filter>LCS</Filter>
    </ClInclude>
    <ClInclude Include="..\src\Custom2DArray.h">
      <Filter>Common</Filter>
    </ClInclude>
    <ClInclude Include="..\src\EditDistance.h">
      <Filter>Edit Distance</Filter>
    </ClInclude>
  </ItemGroup>
</Project>