<?xml version="1.0" encoding="utf-8"?>
<Project ToolsVersion="4.0" xmlns="http://schemas.microsoft.com/developer/msbuild/2003">
  <ItemGroup>
    <Filter Include="Fibonacci">
      <UniqueIdentifier>{4dff8120-4552-4580-9eea-5d1dc71660e0}</UniqueIdentifier>
    </Filter>
    <Filter Include="Factorial">
      <UniqueIdentifier>{6414b78a-323d-4fbd-a2c4-aaf6ff690f12}</UniqueIdentifier>
    </Filter>
    <Filter Include="LCS">
      <UniqueIdentifier>{ddf9f37e-8a98-422d-be48-b1970b649715}</UniqueIdentifier>
    </Filter>
  </ItemGroup>
  <ItemGroup>
    <ClCompile Include="..\tests\FibonacciTest.cpp">
      <Filter>Fibonacci</Filter>
    </ClCompile>
    <ClCompile Include="..\src\Fibonacci.cpp">
      <Filter>Fibonacci</Filter>
    </ClCompile>
    <ClCompile Include="..\src\Factorial.cpp">
      <Filter>Factorial</Filter>
    </ClCompile>
    <ClCompile Include="..\tests\FactorialTest.cpp">
      <Filter>Factorial</Filter>
    </ClCompile>
    <ClCompile Include="..\tests\Main.cpp" />
    <ClCompile Include="..\tests\LCSTest.cpp">
      <Filter>LCS</Filter>
    </ClCompile>
    <ClCompile Include="..\src\LCS.cpp">
      <Filter>LCS</Filter>
    </ClCompile>
  </ItemGroup>
  <ItemGroup>
    <ClInclude Include="..\src\Fibonacci.h">
      <Filter>Fibonacci</Filter>
    </ClInclude>
    <ClInclude Include="..\src\Factorial.h">
      <Filter>Factorial</Filter>
    </ClInclude>
    <ClInclude Include="..\src\LCS.h">
      <Filter>LCS</Filter>
    </ClInclude>
  </ItemGroup>
</Project>